// !$*UTF8*$!
{
	archiveVersion = 1;
	classes = {
	};
	objectVersion = 55;
	objects = {

/* Begin PBXBuildFile section */
		F519565A27EC64FC008FC9E0 /* EventsWidgetApp.swift in Sources */ = {isa = PBXBuildFile; fileRef = F519564A27EC64FB008FC9E0 /* EventsWidgetApp.swift */; };
		F519565B27EC64FC008FC9E0 /* EventsWidgetApp.swift in Sources */ = {isa = PBXBuildFile; fileRef = F519564A27EC64FB008FC9E0 /* EventsWidgetApp.swift */; };
		F519565C27EC64FC008FC9E0 /* ContentView.swift in Sources */ = {isa = PBXBuildFile; fileRef = F519564B27EC64FB008FC9E0 /* ContentView.swift */; };
		F519565D27EC64FC008FC9E0 /* ContentView.swift in Sources */ = {isa = PBXBuildFile; fileRef = F519564B27EC64FB008FC9E0 /* ContentView.swift */; };
		F519565E27EC64FC008FC9E0 /* Assets.xcassets in Resources */ = {isa = PBXBuildFile; fileRef = F519564C27EC64FC008FC9E0 /* Assets.xcassets */; };
		F519565F27EC64FC008FC9E0 /* Assets.xcassets in Resources */ = {isa = PBXBuildFile; fileRef = F519564C27EC64FC008FC9E0 /* Assets.xcassets */; };
		F519566927EC6599008FC9E0 /* EventStore.swift in Sources */ = {isa = PBXBuildFile; fileRef = F519566827EC6599008FC9E0 /* EventStore.swift */; };
		F519567227EC6643008FC9E0 /* WidgetKit.framework in Frameworks */ = {isa = PBXBuildFile; fileRef = F519567127EC6643008FC9E0 /* WidgetKit.framework */; };
		F519567427EC6643008FC9E0 /* SwiftUI.framework in Frameworks */ = {isa = PBXBuildFile; fileRef = F519567327EC6643008FC9E0 /* SwiftUI.framework */; };
		F519567727EC6643008FC9E0 /* EventsWidget.swift in Sources */ = {isa = PBXBuildFile; fileRef = F519567627EC6643008FC9E0 /* EventsWidget.swift */; };
		F519567A27EC6644008FC9E0 /* Assets.xcassets in Resources */ = {isa = PBXBuildFile; fileRef = F519567927EC6644008FC9E0 /* Assets.xcassets */; };
		F519567C27EC6644008FC9E0 /* EventsWidget.intentdefinition in Sources */ = {isa = PBXBuildFile; fileRef = F519567827EC6643008FC9E0 /* EventsWidget.intentdefinition */; };
		F519567D27EC6644008FC9E0 /* EventsWidget.intentdefinition in Sources */ = {isa = PBXBuildFile; fileRef = F519567827EC6643008FC9E0 /* EventsWidget.intentdefinition */; };
		F519568027EC6644008FC9E0 /* EventsWidgetExtension.appex in Embed App Extensions */ = {isa = PBXBuildFile; fileRef = F519566F27EC6643008FC9E0 /* EventsWidgetExtension.appex */; settings = {ATTRIBUTES = (RemoveHeadersOnCopy, ); }; };
		F5431E7827F3495E00FE998B /* EventStore.swift in Sources */ = {isa = PBXBuildFile; fileRef = F519566827EC6599008FC9E0 /* EventStore.swift */; };
		F5431E7927F349C600FE998B /* EventStore.swift in Sources */ = {isa = PBXBuildFile; fileRef = F519566827EC6599008FC9E0 /* EventStore.swift */; };
		F54CE7E527EC8BEE00D4F5D2 /* Placeholder.swift in Sources */ = {isa = PBXBuildFile; fileRef = F54CE7E327EC8BC800D4F5D2 /* Placeholder.swift */; };
/* End PBXBuildFile section */

/* Begin PBXContainerItemProxy section */
		F519567E27EC6644008FC9E0 /* PBXContainerItemProxy */ = {
			isa = PBXContainerItemProxy;
			containerPortal = F519564527EC64FA008FC9E0 /* Project object */;
			proxyType = 1;
			remoteGlobalIDString = F519566E27EC6643008FC9E0;
			remoteInfo = EventsWidgetExtension;
		};
/* End PBXContainerItemProxy section */

/* Begin PBXCopyFilesBuildPhase section */
		F519568427EC6644008FC9E0 /* Embed App Extensions */ = {
			isa = PBXCopyFilesBuildPhase;
			buildActionMask = 2147483647;
			dstPath = "";
			dstSubfolderSpec = 13;
			files = (
				F519568027EC6644008FC9E0 /* EventsWidgetExtension.appex in Embed App Extensions */,
			);
			name = "Embed App Extensions";
			runOnlyForDeploymentPostprocessing = 0;
		};
/* End PBXCopyFilesBuildPhase section */

/* Begin PBXFileReference section */
		F519564A27EC64FB008FC9E0 /* EventsWidgetApp.swift */ = {isa = PBXFileReference; lastKnownFileType = sourcecode.swift; path = EventsWidgetApp.swift; sourceTree = "<group>"; };
		F519564B27EC64FB008FC9E0 /* ContentView.swift */ = {isa = PBXFileReference; lastKnownFileType = sourcecode.swift; path = ContentView.swift; sourceTree = "<group>"; };
		F519564C27EC64FC008FC9E0 /* Assets.xcassets */ = {isa = PBXFileReference; lastKnownFileType = folder.assetcatalog; path = Assets.xcassets; sourceTree = "<group>"; };
		F519565127EC64FC008FC9E0 /* EventsWidget.app */ = {isa = PBXFileReference; explicitFileType = wrapper.application; includeInIndex = 0; path = EventsWidget.app; sourceTree = BUILT_PRODUCTS_DIR; };
		F519565727EC64FC008FC9E0 /* EventsWidget.app */ = {isa = PBXFileReference; explicitFileType = wrapper.application; includeInIndex = 0; path = EventsWidget.app; sourceTree = BUILT_PRODUCTS_DIR; };
		F519565927EC64FC008FC9E0 /* macOS.entitlements */ = {isa = PBXFileReference; lastKnownFileType = text.plist.entitlements; path = macOS.entitlements; sourceTree = "<group>"; };
		F519566827EC6599008FC9E0 /* EventStore.swift */ = {isa = PBXFileReference; fileEncoding = 4; lastKnownFileType = sourcecode.swift; path = EventStore.swift; sourceTree = "<group>"; };
		F519566F27EC6643008FC9E0 /* EventsWidgetExtension.appex */ = {isa = PBXFileReference; explicitFileType = "wrapper.app-extension"; includeInIndex = 0; path = EventsWidgetExtension.appex; sourceTree = BUILT_PRODUCTS_DIR; };
		F519567127EC6643008FC9E0 /* WidgetKit.framework */ = {isa = PBXFileReference; lastKnownFileType = wrapper.framework; name = WidgetKit.framework; path = System/Library/Frameworks/WidgetKit.framework; sourceTree = SDKROOT; };
		F519567327EC6643008FC9E0 /* SwiftUI.framework */ = {isa = PBXFileReference; lastKnownFileType = wrapper.framework; name = SwiftUI.framework; path = System/Library/Frameworks/SwiftUI.framework; sourceTree = SDKROOT; };
		F519567627EC6643008FC9E0 /* EventsWidget.swift */ = {isa = PBXFileReference; lastKnownFileType = sourcecode.swift; path = EventsWidget.swift; sourceTree = "<group>"; };
		F519567827EC6643008FC9E0 /* EventsWidget.intentdefinition */ = {isa = PBXFileReference; lastKnownFileType = file.intentdefinition; path = EventsWidget.intentdefinition; sourceTree = "<group>"; };
		F519567927EC6644008FC9E0 /* Assets.xcassets */ = {isa = PBXFileReference; lastKnownFileType = folder.assetcatalog; path = Assets.xcassets; sourceTree = "<group>"; };
		F519567B27EC6644008FC9E0 /* Info.plist */ = {isa = PBXFileReference; lastKnownFileType = text.plist.xml; path = Info.plist; sourceTree = "<group>"; };
		F54CE7E327EC8BC800D4F5D2 /* Placeholder.swift */ = {isa = PBXFileReference; lastKnownFileType = sourcecode.swift; path = Placeholder.swift; sourceTree = "<group>"; };
/* End PBXFileReference section */

/* Begin PBXFrameworksBuildPhase section */
		F519564E27EC64FC008FC9E0 /* Frameworks */ = {
			isa = PBXFrameworksBuildPhase;
			buildActionMask = 2147483647;
			files = (
			);
			runOnlyForDeploymentPostprocessing = 0;
		};
		F519565427EC64FC008FC9E0 /* Frameworks */ = {
			isa = PBXFrameworksBuildPhase;
			buildActionMask = 2147483647;
			files = (
			);
			runOnlyForDeploymentPostprocessing = 0;
		};
		F519566C27EC6643008FC9E0 /* Frameworks */ = {
			isa = PBXFrameworksBuildPhase;
			buildActionMask = 2147483647;
			files = (
				F519567427EC6643008FC9E0 /* SwiftUI.framework in Frameworks */,
				F519567227EC6643008FC9E0 /* WidgetKit.framework in Frameworks */,
			);
			runOnlyForDeploymentPostprocessing = 0;
		};
/* End PBXFrameworksBuildPhase section */

/* Begin PBXGroup section */
		F519564427EC64FA008FC9E0 = {
			isa = PBXGroup;
			children = (
				F519564927EC64FB008FC9E0 /* Shared */,
				F519565827EC64FC008FC9E0 /* macOS */,
				F519567527EC6643008FC9E0 /* EventsWidget */,
				F519567027EC6643008FC9E0 /* Frameworks */,
				F519565227EC64FC008FC9E0 /* Products */,
			);
			sourceTree = "<group>";
		};
		F519564927EC64FB008FC9E0 /* Shared */ = {
			isa = PBXGroup;
			children = (
				F519564A27EC64FB008FC9E0 /* EventsWidgetApp.swift */,
				F519564B27EC64FB008FC9E0 /* ContentView.swift */,
				F519566827EC6599008FC9E0 /* EventStore.swift */,
				F519564C27EC64FC008FC9E0 /* Assets.xcassets */,
			);
			path = Shared;
			sourceTree = "<group>";
		};
		F519565227EC64FC008FC9E0 /* Products */ = {
			isa = PBXGroup;
			children = (
				F519565127EC64FC008FC9E0 /* EventsWidget.app */,
				F519565727EC64FC008FC9E0 /* EventsWidget.app */,
				F519566F27EC6643008FC9E0 /* EventsWidgetExtension.appex */,
			);
			name = Products;
			sourceTree = "<group>";
		};
		F519565827EC64FC008FC9E0 /* macOS */ = {
			isa = PBXGroup;
			children = (
				F519565927EC64FC008FC9E0 /* macOS.entitlements */,
			);
			path = macOS;
			sourceTree = "<group>";
		};
		F519567027EC6643008FC9E0 /* Frameworks */ = {
			isa = PBXGroup;
			children = (
				F519567127EC6643008FC9E0 /* WidgetKit.framework */,
				F519567327EC6643008FC9E0 /* SwiftUI.framework */,
			);
			name = Frameworks;
			sourceTree = "<group>";
		};
		F519567527EC6643008FC9E0 /* EventsWidget */ = {
			isa = PBXGroup;
			children = (
				F54CE7E327EC8BC800D4F5D2 /* Placeholder.swift */,
				F519567627EC6643008FC9E0 /* EventsWidget.swift */,
				F519567827EC6643008FC9E0 /* EventsWidget.intentdefinition */,
				F519567927EC6644008FC9E0 /* Assets.xcassets */,
				F519567B27EC6644008FC9E0 /* Info.plist */,
			);
			path = EventsWidget;
			sourceTree = "<group>";
		};
/* End PBXGroup section */

/* Begin PBXNativeTarget section */
		F519565027EC64FC008FC9E0 /* EventsWidget (iOS) */ = {
			isa = PBXNativeTarget;
			buildConfigurationList = F519566227EC64FC008FC9E0 /* Build configuration list for PBXNativeTarget "EventsWidget (iOS)" */;
			buildPhases = (
				F519564D27EC64FC008FC9E0 /* Sources */,
				F519564E27EC64FC008FC9E0 /* Frameworks */,
				F519564F27EC64FC008FC9E0 /* Resources */,
				F519568427EC6644008FC9E0 /* Embed App Extensions */,
			);
			buildRules = (
			);
			dependencies = (
				F519567F27EC6644008FC9E0 /* PBXTargetDependency */,
			);
			name = "EventsWidget (iOS)";
			productName = "EventsWidget (iOS)";
			productReference = F519565127EC64FC008FC9E0 /* EventsWidget.app */;
			productType = "com.apple.product-type.application";
		};
		F519565627EC64FC008FC9E0 /* EventsWidget (macOS) */ = {
			isa = PBXNativeTarget;
			buildConfigurationList = F519566527EC64FC008FC9E0 /* Build configuration list for PBXNativeTarget "EventsWidget (macOS)" */;
			buildPhases = (
				F519565327EC64FC008FC9E0 /* Sources */,
				F519565427EC64FC008FC9E0 /* Frameworks */,
				F519565527EC64FC008FC9E0 /* Resources */,
			);
			buildRules = (
			);
			dependencies = (
			);
			name = "EventsWidget (macOS)";
			productName = "EventsWidget (macOS)";
			productReference = F519565727EC64FC008FC9E0 /* EventsWidget.app */;
			productType = "com.apple.product-type.application";
		};
		F519566E27EC6643008FC9E0 /* EventsWidgetExtension */ = {
			isa = PBXNativeTarget;
			buildConfigurationList = F519568127EC6644008FC9E0 /* Build configuration list for PBXNativeTarget "EventsWidgetExtension" */;
			buildPhases = (
				F519566B27EC6643008FC9E0 /* Sources */,
				F519566C27EC6643008FC9E0 /* Frameworks */,
				F519566D27EC6643008FC9E0 /* Resources */,
			);
			buildRules = (
			);
			dependencies = (
			);
			name = EventsWidgetExtension;
			productName = EventsWidgetExtension;
			productReference = F519566F27EC6643008FC9E0 /* EventsWidgetExtension.appex */;
			productType = "com.apple.product-type.app-extension";
		};
/* End PBXNativeTarget section */

/* Begin PBXProject section */
		F519564527EC64FA008FC9E0 /* Project object */ = {
			isa = PBXProject;
			attributes = {
				BuildIndependentTargetsInParallel = 1;
				LastSwiftUpdateCheck = 1330;
				LastUpgradeCheck = 1330;
				TargetAttributes = {
					F519565027EC64FC008FC9E0 = {
						CreatedOnToolsVersion = 13.3;
					};
					F519565627EC64FC008FC9E0 = {
						CreatedOnToolsVersion = 13.3;
					};
					F519566E27EC6643008FC9E0 = {
						CreatedOnToolsVersion = 13.3;
					};
				};
			};
			buildConfigurationList = F519564827EC64FA008FC9E0 /* Build configuration list for PBXProject "EventsWidget" */;
			compatibilityVersion = "Xcode 13.0";
			developmentRegion = en;
			hasScannedForEncodings = 0;
			knownRegions = (
				en,
				Base,
			);
			mainGroup = F519564427EC64FA008FC9E0;
			productRefGroup = F519565227EC64FC008FC9E0 /* Products */;
			projectDirPath = "";
			projectRoot = "";
			targets = (
				F519565027EC64FC008FC9E0 /* EventsWidget (iOS) */,
				F519565627EC64FC008FC9E0 /* EventsWidget (macOS) */,
				F519566E27EC6643008FC9E0 /* EventsWidgetExtension */,
			);
		};
/* End PBXProject section */

/* Begin PBXResourcesBuildPhase section */
		F519564F27EC64FC008FC9E0 /* Resources */ = {
			isa = PBXResourcesBuildPhase;
			buildActionMask = 2147483647;
			files = (
				F519565E27EC64FC008FC9E0 /* Assets.xcassets in Resources */,
			);
			runOnlyForDeploymentPostprocessing = 0;
		};
		F519565527EC64FC008FC9E0 /* Resources */ = {
			isa = PBXResourcesBuildPhase;
			buildActionMask = 2147483647;
			files = (
				F519565F27EC64FC008FC9E0 /* Assets.xcassets in Resources */,
			);
			runOnlyForDeploymentPostprocessing = 0;
		};
		F519566D27EC6643008FC9E0 /* Resources */ = {
			isa = PBXResourcesBuildPhase;
			buildActionMask = 2147483647;
			files = (
				F519567A27EC6644008FC9E0 /* Assets.xcassets in Resources */,
			);
			runOnlyForDeploymentPostprocessing = 0;
		};
/* End PBXResourcesBuildPhase section */

/* Begin PBXSourcesBuildPhase section */
		F519564D27EC64FC008FC9E0 /* Sources */ = {
			isa = PBXSourcesBuildPhase;
			buildActionMask = 2147483647;
			files = (
				F519565C27EC64FC008FC9E0 /* ContentView.swift in Sources */,
				F519565A27EC64FC008FC9E0 /* EventsWidgetApp.swift in Sources */,
				F519566927EC6599008FC9E0 /* EventStore.swift in Sources */,
				F519567D27EC6644008FC9E0 /* EventsWidget.intentdefinition in Sources */,
			);
			runOnlyForDeploymentPostprocessing = 0;
		};
		F519565327EC64FC008FC9E0 /* Sources */ = {
			isa = PBXSourcesBuildPhase;
			buildActionMask = 2147483647;
			files = (
				F519565D27EC64FC008FC9E0 /* ContentView.swift in Sources */,
				F519565B27EC64FC008FC9E0 /* EventsWidgetApp.swift in Sources */,
				F5431E7827F3495E00FE998B /* EventStore.swift in Sources */,
			);
			runOnlyForDeploymentPostprocessing = 0;
		};
		F519566B27EC6643008FC9E0 /* Sources */ = {
			isa = PBXSourcesBuildPhase;
			buildActionMask = 2147483647;
			files = (
				F519567727EC6643008FC9E0 /* EventsWidget.swift in Sources */,
				F519567C27EC6644008FC9E0 /* EventsWidget.intentdefinition in Sources */,
				F5431E7927F349C600FE998B /* EventStore.swift in Sources */,
				F54CE7E527EC8BEE00D4F5D2 /* Placeholder.swift in Sources */,
			);
			runOnlyForDeploymentPostprocessing = 0;
		};
/* End PBXSourcesBuildPhase section */

/* Begin PBXTargetDependency section */
		F519567F27EC6644008FC9E0 /* PBXTargetDependency */ = {
			isa = PBXTargetDependency;
			target = F519566E27EC6643008FC9E0 /* EventsWidgetExtension */;
			targetProxy = F519567E27EC6644008FC9E0 /* PBXContainerItemProxy */;
		};
/* End PBXTargetDependency section */

/* Begin XCBuildConfiguration section */
		F519566027EC64FC008FC9E0 /* Debug */ = {
			isa = XCBuildConfiguration;
			buildSettings = {
				ALWAYS_SEARCH_USER_PATHS = NO;
				CLANG_ANALYZER_NONNULL = YES;
				CLANG_ANALYZER_NUMBER_OBJECT_CONVERSION = YES_AGGRESSIVE;
				CLANG_CXX_LANGUAGE_STANDARD = "gnu++17";
				CLANG_ENABLE_MODULES = YES;
				CLANG_ENABLE_OBJC_ARC = YES;
				CLANG_ENABLE_OBJC_WEAK = YES;
				CLANG_WARN_BLOCK_CAPTURE_AUTORELEASING = YES;
				CLANG_WARN_BOOL_CONVERSION = YES;
				CLANG_WARN_COMMA = YES;
				CLANG_WARN_CONSTANT_CONVERSION = YES;
				CLANG_WARN_DEPRECATED_OBJC_IMPLEMENTATIONS = YES;
				CLANG_WARN_DIRECT_OBJC_ISA_USAGE = YES_ERROR;
				CLANG_WARN_DOCUMENTATION_COMMENTS = YES;
				CLANG_WARN_EMPTY_BODY = YES;
				CLANG_WARN_ENUM_CONVERSION = YES;
				CLANG_WARN_INFINITE_RECURSION = YES;
				CLANG_WARN_INT_CONVERSION = YES;
				CLANG_WARN_NON_LITERAL_NULL_CONVERSION = YES;
				CLANG_WARN_OBJC_IMPLICIT_RETAIN_SELF = YES;
				CLANG_WARN_OBJC_LITERAL_CONVERSION = YES;
				CLANG_WARN_OBJC_ROOT_CLASS = YES_ERROR;
				CLANG_WARN_QUOTED_INCLUDE_IN_FRAMEWORK_HEADER = YES;
				CLANG_WARN_RANGE_LOOP_ANALYSIS = YES;
				CLANG_WARN_STRICT_PROTOTYPES = YES;
				CLANG_WARN_SUSPICIOUS_MOVE = YES;
				CLANG_WARN_UNGUARDED_AVAILABILITY = YES_AGGRESSIVE;
				CLANG_WARN_UNREACHABLE_CODE = YES;
				CLANG_WARN__DUPLICATE_METHOD_MATCH = YES;
				COPY_PHASE_STRIP = NO;
				DEBUG_INFORMATION_FORMAT = dwarf;
				ENABLE_STRICT_OBJC_MSGSEND = YES;
				ENABLE_TESTABILITY = YES;
				GCC_C_LANGUAGE_STANDARD = gnu11;
				GCC_DYNAMIC_NO_PIC = NO;
				GCC_NO_COMMON_BLOCKS = YES;
				GCC_OPTIMIZATION_LEVEL = 0;
				GCC_PREPROCESSOR_DEFINITIONS = (
					"DEBUG=1",
					"$(inherited)",
				);
				GCC_WARN_64_TO_32_BIT_CONVERSION = YES;
				GCC_WARN_ABOUT_RETURN_TYPE = YES_ERROR;
				GCC_WARN_UNDECLARED_SELECTOR = YES;
				GCC_WARN_UNINITIALIZED_AUTOS = YES_AGGRESSIVE;
				GCC_WARN_UNUSED_FUNCTION = YES;
				GCC_WARN_UNUSED_VARIABLE = YES;
				MTL_ENABLE_DEBUG_INFO = INCLUDE_SOURCE;
				MTL_FAST_MATH = YES;
				ONLY_ACTIVE_ARCH = YES;
				SWIFT_ACTIVE_COMPILATION_CONDITIONS = DEBUG;
				SWIFT_OPTIMIZATION_LEVEL = "-Onone";
			};
			name = Debug;
		};
		F519566127EC64FC008FC9E0 /* Release */ = {
			isa = XCBuildConfiguration;
			buildSettings = {
				ALWAYS_SEARCH_USER_PATHS = NO;
				CLANG_ANALYZER_NONNULL = YES;
				CLANG_ANALYZER_NUMBER_OBJECT_CONVERSION = YES_AGGRESSIVE;
				CLANG_CXX_LANGUAGE_STANDARD = "gnu++17";
				CLANG_ENABLE_MODULES = YES;
				CLANG_ENABLE_OBJC_ARC = YES;
				CLANG_ENABLE_OBJC_WEAK = YES;
				CLANG_WARN_BLOCK_CAPTURE_AUTORELEASING = YES;
				CLANG_WARN_BOOL_CONVERSION = YES;
				CLANG_WARN_COMMA = YES;
				CLANG_WARN_CONSTANT_CONVERSION = YES;
				CLANG_WARN_DEPRECATED_OBJC_IMPLEMENTATIONS = YES;
				CLANG_WARN_DIRECT_OBJC_ISA_USAGE = YES_ERROR;
				CLANG_WARN_DOCUMENTATION_COMMENTS = YES;
				CLANG_WARN_EMPTY_BODY = YES;
				CLANG_WARN_ENUM_CONVERSION = YES;
				CLANG_WARN_INFINITE_RECURSION = YES;
				CLANG_WARN_INT_CONVERSION = YES;
				CLANG_WARN_NON_LITERAL_NULL_CONVERSION = YES;
				CLANG_WARN_OBJC_IMPLICIT_RETAIN_SELF = YES;
				CLANG_WARN_OBJC_LITERAL_CONVERSION = YES;
				CLANG_WARN_OBJC_ROOT_CLASS = YES_ERROR;
				CLANG_WARN_QUOTED_INCLUDE_IN_FRAMEWORK_HEADER = YES;
				CLANG_WARN_RANGE_LOOP_ANALYSIS = YES;
				CLANG_WARN_STRICT_PROTOTYPES = YES;
				CLANG_WARN_SUSPICIOUS_MOVE = YES;
				CLANG_WARN_UNGUARDED_AVAILABILITY = YES_AGGRESSIVE;
				CLANG_WARN_UNREACHABLE_CODE = YES;
				CLANG_WARN__DUPLICATE_METHOD_MATCH = YES;
				COPY_PHASE_STRIP = NO;
				DEBUG_INFORMATION_FORMAT = "dwarf-with-dsym";
				ENABLE_NS_ASSERTIONS = NO;
				ENABLE_STRICT_OBJC_MSGSEND = YES;
				GCC_C_LANGUAGE_STANDARD = gnu11;
				GCC_NO_COMMON_BLOCKS = YES;
				GCC_WARN_64_TO_32_BIT_CONVERSION = YES;
				GCC_WARN_ABOUT_RETURN_TYPE = YES_ERROR;
				GCC_WARN_UNDECLARED_SELECTOR = YES;
				GCC_WARN_UNINITIALIZED_AUTOS = YES_AGGRESSIVE;
				GCC_WARN_UNUSED_FUNCTION = YES;
				GCC_WARN_UNUSED_VARIABLE = YES;
				MTL_ENABLE_DEBUG_INFO = NO;
				MTL_FAST_MATH = YES;
				SWIFT_COMPILATION_MODE = wholemodule;
				SWIFT_OPTIMIZATION_LEVEL = "-O";
			};
			name = Release;
		};
		F519566327EC64FC008FC9E0 /* Debug */ = {
			isa = XCBuildConfiguration;
			buildSettings = {
				ALWAYS_EMBED_SWIFT_STANDARD_LIBRARIES = YES;
				ASSETCATALOG_COMPILER_APPICON_NAME = AppIcon;
				ASSETCATALOG_COMPILER_GLOBAL_ACCENT_COLOR_NAME = AccentColor;
				CODE_SIGN_STYLE = Automatic;
				CURRENT_PROJECT_VERSION = 1;
				DEVELOPMENT_TEAM = JB3QK77KA5;
				ENABLE_PREVIEWS = YES;
				GENERATE_INFOPLIST_FILE = YES;
				INFOPLIST_FILE = "EventsWidget--iOS--Info.plist";
				INFOPLIST_KEY_NSCalendarsUsageDescription = "EventsWidget uses your events to display them in a widget.";
				INFOPLIST_KEY_UIApplicationSceneManifest_Generation = YES;
				INFOPLIST_KEY_UIApplicationSupportsIndirectInputEvents = YES;
				INFOPLIST_KEY_UILaunchScreen_Generation = YES;
				INFOPLIST_KEY_UISupportedInterfaceOrientations_iPad = "UIInterfaceOrientationPortrait UIInterfaceOrientationPortraitUpsideDown UIInterfaceOrientationLandscapeLeft UIInterfaceOrientationLandscapeRight";
				INFOPLIST_KEY_UISupportedInterfaceOrientations_iPhone = "UIInterfaceOrientationPortrait UIInterfaceOrientationLandscapeLeft UIInterfaceOrientationLandscapeRight";
				IPHONEOS_DEPLOYMENT_TARGET = 15.4;
				LD_RUNPATH_SEARCH_PATHS = (
					"$(inherited)",
					"@executable_path/Frameworks",
				);
				MARKETING_VERSION = 1.0;
				PRODUCT_BUNDLE_IDENTIFIER = de.gregor.EventsWidget;
				PRODUCT_NAME = EventsWidget;
				SDKROOT = iphoneos;
				SWIFT_EMIT_LOC_STRINGS = YES;
				SWIFT_VERSION = 5.0;
				TARGETED_DEVICE_FAMILY = "1,2";
			};
			name = Debug;
		};
		F519566427EC64FC008FC9E0 /* Release */ = {
			isa = XCBuildConfiguration;
			buildSettings = {
				ALWAYS_EMBED_SWIFT_STANDARD_LIBRARIES = YES;
				ASSETCATALOG_COMPILER_APPICON_NAME = AppIcon;
				ASSETCATALOG_COMPILER_GLOBAL_ACCENT_COLOR_NAME = AccentColor;
				CODE_SIGN_STYLE = Automatic;
				CURRENT_PROJECT_VERSION = 1;
				DEVELOPMENT_TEAM = JB3QK77KA5;
				ENABLE_PREVIEWS = YES;
				GENERATE_INFOPLIST_FILE = YES;
				INFOPLIST_FILE = "EventsWidget--iOS--Info.plist";
				INFOPLIST_KEY_NSCalendarsUsageDescription = "EventsWidget uses your events to display them in a widget.";
				INFOPLIST_KEY_UIApplicationSceneManifest_Generation = YES;
				INFOPLIST_KEY_UIApplicationSupportsIndirectInputEvents = YES;
				INFOPLIST_KEY_UILaunchScreen_Generation = YES;
				INFOPLIST_KEY_UISupportedInterfaceOrientations_iPad = "UIInterfaceOrientationPortrait UIInterfaceOrientationPortraitUpsideDown UIInterfaceOrientationLandscapeLeft UIInterfaceOrientationLandscapeRight";
				INFOPLIST_KEY_UISupportedInterfaceOrientations_iPhone = "UIInterfaceOrientationPortrait UIInterfaceOrientationLandscapeLeft UIInterfaceOrientationLandscapeRight";
				IPHONEOS_DEPLOYMENT_TARGET = 15.4;
				LD_RUNPATH_SEARCH_PATHS = (
					"$(inherited)",
					"@executable_path/Frameworks",
				);
				MARKETING_VERSION = 1.0;
				PRODUCT_BUNDLE_IDENTIFIER = de.gregor.EventsWidget;
				PRODUCT_NAME = EventsWidget;
				SDKROOT = iphoneos;
				SWIFT_EMIT_LOC_STRINGS = YES;
				SWIFT_VERSION = 5.0;
				TARGETED_DEVICE_FAMILY = "1,2";
				VALIDATE_PRODUCT = YES;
			};
			name = Release;
		};
		F519566627EC64FC008FC9E0 /* Debug */ = {
			isa = XCBuildConfiguration;
			buildSettings = {
				ASSETCATALOG_COMPILER_APPICON_NAME = AppIcon;
				ASSETCATALOG_COMPILER_GLOBAL_ACCENT_COLOR_NAME = AccentColor;
				CODE_SIGN_ENTITLEMENTS = macOS/macOS.entitlements;
				CODE_SIGN_STYLE = Automatic;
				COMBINE_HIDPI_IMAGES = YES;
				CURRENT_PROJECT_VERSION = 1;
				DEVELOPMENT_TEAM = JB3QK77KA5;
				ENABLE_PREVIEWS = YES;
				GENERATE_INFOPLIST_FILE = YES;
				INFOPLIST_KEY_NSHumanReadableCopyright = "";
				LD_RUNPATH_SEARCH_PATHS = (
					"$(inherited)",
					"@executable_path/../Frameworks",
				);
				MACOSX_DEPLOYMENT_TARGET = 12.3;
				MARKETING_VERSION = 1.0;
				PRODUCT_BUNDLE_IDENTIFIER = de.gregor.EventsWidget;
				PRODUCT_NAME = EventsWidget;
				SDKROOT = macosx;
				SWIFT_EMIT_LOC_STRINGS = YES;
				SWIFT_VERSION = 5.0;
			};
			name = Debug;
		};
		F519566727EC64FC008FC9E0 /* Release */ = {
			isa = XCBuildConfiguration;
			buildSettings = {
				ASSETCATALOG_COMPILER_APPICON_NAME = AppIcon;
				ASSETCATALOG_COMPILER_GLOBAL_ACCENT_COLOR_NAME = AccentColor;
				CODE_SIGN_ENTITLEMENTS = macOS/macOS.entitlements;
				CODE_SIGN_STYLE = Automatic;
				COMBINE_HIDPI_IMAGES = YES;
				CURRENT_PROJECT_VERSION = 1;
				DEVELOPMENT_TEAM = JB3QK77KA5;
				ENABLE_PREVIEWS = YES;
				GENERATE_INFOPLIST_FILE = YES;
				INFOPLIST_KEY_NSHumanReadableCopyright = "";
				LD_RUNPATH_SEARCH_PATHS = (
					"$(inherited)",
					"@executable_path/../Frameworks",
				);
				MACOSX_DEPLOYMENT_TARGET = 12.3;
				MARKETING_VERSION = 1.0;
				PRODUCT_BUNDLE_IDENTIFIER = de.gregor.EventsWidget;
				PRODUCT_NAME = EventsWidget;
				SDKROOT = macosx;
				SWIFT_EMIT_LOC_STRINGS = YES;
				SWIFT_VERSION = 5.0;
			};
			name = Release;
		};
		F519568227EC6644008FC9E0 /* Debug */ = {
			isa = XCBuildConfiguration;
			buildSettings = {
				ASSETCATALOG_COMPILER_GLOBAL_ACCENT_COLOR_NAME = AccentColor;
				ASSETCATALOG_COMPILER_WIDGET_BACKGROUND_COLOR_NAME = WidgetBackground;
				CODE_SIGN_STYLE = Automatic;
				CURRENT_PROJECT_VERSION = 1;
				DEVELOPMENT_TEAM = JB3QK77KA5;
				GENERATE_INFOPLIST_FILE = YES;
				INFOPLIST_FILE = EventsWidget/Info.plist;
				INFOPLIST_KEY_CFBundleDisplayName = EventsWidget;
				INFOPLIST_KEY_NSHumanReadableCopyright = "";
				IPHONEOS_DEPLOYMENT_TARGET = 15.4;
				LD_RUNPATH_SEARCH_PATHS = (
					"$(inherited)",
					"@executable_path/Frameworks",
					"@executable_path/../../Frameworks",
				);
				MARKETING_VERSION = 1.0;
				PRODUCT_BUNDLE_IDENTIFIER = de.gregor.EventsWidget.EventsWidget;
				PRODUCT_NAME = "$(TARGET_NAME)";
				SDKROOT = iphoneos;
				SKIP_INSTALL = YES;
				SWIFT_EMIT_LOC_STRINGS = YES;
				SWIFT_VERSION = 5.0;
				TARGETED_DEVICE_FAMILY = "1,2";
			};
			name = Debug;
		};
		F519568327EC6644008FC9E0 /* Release */ = {
			isa = XCBuildConfiguration;
			buildSettings = {
				ASSETCATALOG_COMPILER_GLOBAL_ACCENT_COLOR_NAME = AccentColor;
				ASSETCATALOG_COMPILER_WIDGET_BACKGROUND_COLOR_NAME = WidgetBackground;
				CODE_SIGN_STYLE = Automatic;
				CURRENT_PROJECT_VERSION = 1;
				DEVELOPMENT_TEAM = JB3QK77KA5;
				GENERATE_INFOPLIST_FILE = YES;
				INFOPLIST_FILE = EventsWidget/Info.plist;
				INFOPLIST_KEY_CFBundleDisplayName = EventsWidget;
				INFOPLIST_KEY_NSHumanReadableCopyright = "";
				IPHONEOS_DEPLOYMENT_TARGET = 15.4;
				LD_RUNPATH_SEARCH_PATHS = (
					"$(inherited)",
					"@executable_path/Frameworks",
					"@executable_path/../../Frameworks",
				);
				MARKETING_VERSION = 1.0;
				PRODUCT_BUNDLE_IDENTIFIER = de.gregor.EventsWidget.EventsWidget;
				PRODUCT_NAME = "$(TARGET_NAME)";
				SDKROOT = iphoneos;
				SKIP_INSTALL = YES;
				SWIFT_EMIT_LOC_STRINGS = YES;
				SWIFT_VERSION = 5.0;
				TARGETED_DEVICE_FAMILY = "1,2";
				VALIDATE_PRODUCT = YES;
			};
			name = Release;
		};
/* End XCBuildConfiguration section */

/* Begin XCConfigurationList section */
		F519564827EC64FA008FC9E0 /* Build configuration list for PBXProject "EventsWidget" */ = {
			isa = XCConfigurationList;
			buildConfigurations = (
				F519566027EC64FC008FC9E0 /* Debug */,
				F519566127EC64FC008FC9E0 /* Release */,
			);
			defaultConfigurationIsVisible = 0;
			defaultConfigurationName = Release;
		};
		F519566227EC64FC008FC9E0 /* Build configuration list for PBXNativeTarget "EventsWidget (iOS)" */ = {
			isa = XCConfigurationList;
			buildConfigurations = (
				F519566327EC64FC008FC9E0 /* Debug */,
				F519566427EC64FC008FC9E0 /* Release */,
			);
			defaultConfigurationIsVisible = 0;
			defaultConfigurationName = Release;
		};
		F519566527EC64FC008FC9E0 /* Build configuration list for PBXNativeTarget "EventsWidget (macOS)" */ = {
			isa = XCConfigurationList;
			buildConfigurations = (
				F519566627EC64FC008FC9E0 /* Debug */,
				F519566727EC64FC008FC9E0 /* Release */,
			);
			defaultConfigurationIsVisible = 0;
			defaultConfigurationName = Release;
		};
		F519568127EC6644008FC9E0 /* Build configuration list for PBXNativeTarget "EventsWidgetExtension" */ = {
			isa = XCConfigurationList;
			buildConfigurations = (
				F519568227EC6644008FC9E0 /* Debug */,
				F519568327EC6644008FC9E0 /* Release */,
			);
			defaultConfigurationIsVisible = 0;
			defaultConfigurationName = Release;
		};
/* End XCConfigurationList section */
	};
	rootObject = F519564527EC64FA008FC9E0 /* Project object */;
}
